
Microsoft Visual Studio Solution File, Format Version 12.00
# Visual Studio Version 17
VisualStudioVersion = 17.6.33815.320
MinimumVisualStudioVersion = 10.0.40219.1
Project("{FAE04EC0-301F-11D3-BF4B-00C04F79EFBC}") = "AutoClogChests", "AutoClogChests\AutoClogChests.csproj", "{89B7A6EF-FD0A-43C2-B288-3A1F9DFCDC5B}"
EndProject
Global
	GlobalSection(SolutionConfigurationPlatforms) = preSolution
		Debug|Any CPU = Debug|Any CPU
		Release|Any CPU = Release|Any CPU
	EndGlobalSection
	GlobalSection(ProjectConfigurationPlatforms) = postSolution
		{89B7A6EF-FD0A-43C2-B288-3A1F9DFCDC5B}.Debug|Any CPU.ActiveCfg = Debug|Any CPU
		{89B7A6EF-FD0A-43C2-B288-3A1F9DFCDC5B}.Debug|Any CPU.Build.0 = Debug|Any CPU
		{89B7A6EF-FD0A-43C2-B288-3A1F9DFCDC5B}.Release|Any CPU.ActiveCfg = Release|Any CPU
		{89B7A6EF-FD0A-43C2-B288-3A1F9DFCDC5B}.Release|Any CPU.Build.0 = Release|Any CPU
	EndGlobalSection
	GlobalSection(SolutionProperties) = preSolution
		HideSolutionNode = FALSE
	EndGlobalSection
	GlobalSection(ExtensibilityGlobals) = postSolution
		SolutionGuid = {9C273E7C-26CE-4681-BEDE-15660EA90B06}
	EndGlobalSection
EndGlobal
